
Microsoft Visual Studio Solution File, Format Version 12.00
# Visual Studio Version 16
VisualStudioVersion = 16.0.30626.31
MinimumVisualStudioVersion = 10.0.40219.1
Project("{2150E333-8FDC-42A3-9474-1A3956D46DE8}") = "Doc", "Doc", "{BD9BA985-3513-4C06-BE86-AD2DE0C7FFBA}"
EndProject
Project("{2150E333-8FDC-42A3-9474-1A3956D46DE8}") = "Src", "Src", "{9226D6B5-6F0C-4524-A00F-79813B3E0C44}"
EndProject
Project("{2150E333-8FDC-42A3-9474-1A3956D46DE8}") = "Test", "Test", "{1CA797A4-2D5C-41B5-A2FD-B8926631831B}"
EndProject
Project("{2150E333-8FDC-42A3-9474-1A3956D46DE8}") = "Common", "Common", "{614D1B3B-E0A6-4E96-B13E-CC9C9F86A7FE}"
EndProject
Project("{2150E333-8FDC-42A3-9474-1A3956D46DE8}") = "Core", "Core", "{B49ADC1B-8F9A-4332-A187-706885896E5A}"
EndProject
Project("{2150E333-8FDC-42A3-9474-1A3956D46DE8}") = "Infrastructure", "Infrastructure", "{1E043706-BBA6-49D7-8C4F-2BE1BE07D47C}"
EndProject
Project("{2150E333-8FDC-42A3-9474-1A3956D46DE8}") = "Presentation", "Presentation", "{DB9E4798-5178-490E-801E-4A2E5CC0C0A2}"
EndProject
Project("{9A19103F-16F7-4668-BE54-9A1E7A4F7556}") = "EndPoint.Site", "EndPoint.Site\EndPoint.Site.csproj", "{0822969D-0D36-4319-BF9C-DFE0E2F10A32}"
EndProject
Project("{9A19103F-16F7-4668-BE54-9A1E7A4F7556}") = "ADStore.Common", "ADStore.Common\ADStore.Common.csproj", "{79ECF59D-7E3F-4C37-B28F-C398BCC73F26}"
EndProject
Project("{9A19103F-16F7-4668-BE54-9A1E7A4F7556}") = "ADStore.Application", "ADStore.Application\ADStore.Application.csproj", "{76D48BD4-E1E9-4A75-B03D-C79303A7CD13}"
EndProject
Project("{9A19103F-16F7-4668-BE54-9A1E7A4F7556}") = "ADStore.Domain", "ADStore.Domain\ADStore.Domain.csproj", "{330A7767-AF92-4755-B1F9-32879ED40AA0}"
EndProject
Project("{9A19103F-16F7-4668-BE54-9A1E7A4F7556}") = "ADStore.Infrastructure", "ADStore.Infrastructure\ADStore.Infrastructure.csproj", "{B2E233A4-8C92-497C-AA96-6906B5177F89}"
EndProject
Project("{9A19103F-16F7-4668-BE54-9A1E7A4F7556}") = "ADStore.Persistence", "ADStore.Persistence\ADStore.Persistence.csproj", "{081BB7F5-D9EE-482F-8FA6-03E72D84A00A}"
EndProject
Global
	GlobalSection(SolutionConfigurationPlatforms) = preSolution
		Debug|Any CPU = Debug|Any CPU
		Release|Any CPU = Release|Any CPU
	EndGlobalSection
	GlobalSection(ProjectConfigurationPlatforms) = postSolution
		{0822969D-0D36-4319-BF9C-DFE0E2F10A32}.Debug|Any CPU.ActiveCfg = Debug|Any CPU
		{0822969D-0D36-4319-BF9C-DFE0E2F10A32}.Debug|Any CPU.Build.0 = Debug|Any CPU
		{0822969D-0D36-4319-BF9C-DFE0E2F10A32}.Release|Any CPU.ActiveCfg = Release|Any CPU
		{0822969D-0D36-4319-BF9C-DFE0E2F10A32}.Release|Any CPU.Build.0 = Release|Any CPU
		{79ECF59D-7E3F-4C37-B28F-C398BCC73F26}.Debug|Any CPU.ActiveCfg = Debug|Any CPU
		{79ECF59D-7E3F-4C37-B28F-C398BCC73F26}.Debug|Any CPU.Build.0 = Debug|Any CPU
		{79ECF59D-7E3F-4C37-B28F-C398BCC73F26}.Release|Any CPU.ActiveCfg = Release|Any CPU
		{79ECF59D-7E3F-4C37-B28F-C398BCC73F26}.Release|Any CPU.Build.0 = Release|Any CPU
		{76D48BD4-E1E9-4A75-B03D-C79303A7CD13}.Debug|Any CPU.ActiveCfg = Debug|Any CPU
		{76D48BD4-E1E9-4A75-B03D-C79303A7CD13}.Debug|Any CPU.Build.0 = Debug|Any CPU
		{76D48BD4-E1E9-4A75-B03D-C79303A7CD13}.Release|Any CPU.ActiveCfg = Release|Any CPU
		{76D48BD4-E1E9-4A75-B03D-C79303A7CD13}.Release|Any CPU.Build.0 = Release|Any CPU
		{330A7767-AF92-4755-B1F9-32879ED40AA0}.Debug|Any CPU.ActiveCfg = Debug|Any CPU
		{330A7767-AF92-4755-B1F9-32879ED40AA0}.Debug|Any CPU.Build.0 = Debug|Any CPU
		{330A7767-AF92-4755-B1F9-32879ED40AA0}.Release|Any CPU.ActiveCfg = Release|Any CPU
		{330A7767-AF92-4755-B1F9-32879ED40AA0}.Release|Any CPU.Build.0 = Release|Any CPU
		{B2E233A4-8C92-497C-AA96-6906B5177F89}.Debug|Any CPU.ActiveCfg = Debug|Any CPU
		{B2E233A4-8C92-497C-AA96-6906B5177F89}.Debug|Any CPU.Build.0 = Debug|Any CPU
		{B2E233A4-8C92-497C-AA96-6906B5177F89}.Release|Any CPU.ActiveCfg = Release|Any CPU
		{B2E233A4-8C92-497C-AA96-6906B5177F89}.Release|Any CPU.Build.0 = Release|Any CPU
		{081BB7F5-D9EE-482F-8FA6-03E72D84A00A}.Debug|Any CPU.ActiveCfg = Debug|Any CPU
		{081BB7F5-D9EE-482F-8FA6-03E72D84A00A}.Debug|Any CPU.Build.0 = Debug|Any CPU
		{081BB7F5-D9EE-482F-8FA6-03E72D84A00A}.Release|Any CPU.ActiveCfg = Release|Any CPU
		{081BB7F5-D9EE-482F-8FA6-03E72D84A00A}.Release|Any CPU.Build.0 = Release|Any CPU
	EndGlobalSection
	GlobalSection(SolutionProperties) = preSolution
		HideSolutionNode = FALSE
	EndGlobalSection
	GlobalSection(NestedProjects) = preSolution
		{614D1B3B-E0A6-4E96-B13E-CC9C9F86A7FE} = {9226D6B5-6F0C-4524-A00F-79813B3E0C44}
		{B49ADC1B-8F9A-4332-A187-706885896E5A} = {9226D6B5-6F0C-4524-A00F-79813B3E0C44}
		{1E043706-BBA6-49D7-8C4F-2BE1BE07D47C} = {9226D6B5-6F0C-4524-A00F-79813B3E0C44}
		{DB9E4798-5178-490E-801E-4A2E5CC0C0A2} = {9226D6B5-6F0C-4524-A00F-79813B3E0C44}
		{0822969D-0D36-4319-BF9C-DFE0E2F10A32} = {DB9E4798-5178-490E-801E-4A2E5CC0C0A2}
		{79ECF59D-7E3F-4C37-B28F-C398BCC73F26} = {614D1B3B-E0A6-4E96-B13E-CC9C9F86A7FE}
		{76D48BD4-E1E9-4A75-B03D-C79303A7CD13} = {B49ADC1B-8F9A-4332-A187-706885896E5A}
		{330A7767-AF92-4755-B1F9-32879ED40AA0} = {B49ADC1B-8F9A-4332-A187-706885896E5A}
		{B2E233A4-8C92-497C-AA96-6906B5177F89} = {1E043706-BBA6-49D7-8C4F-2BE1BE07D47C}
		{081BB7F5-D9EE-482F-8FA6-03E72D84A00A} = {1E043706-BBA6-49D7-8C4F-2BE1BE07D47C}
	EndGlobalSection
	GlobalSection(ExtensibilityGlobals) = postSolution
		SolutionGuid = {9CC4C2CD-8766-4F16-A5D5-EF89F338FE94}
	EndGlobalSection
EndGlobal
